# generated by rye
# use `rye lock` or `rye sync` to update this lockfile
#
# last locked with the following flags:
#   pre: false
#   features: []
#   all-features: false
#   with-sources: false

-e file:.
-e file:py/dies-py
-e file:strategy/test-strat
asttokens==2.4.1
casadi==3.6.4
cheap-repr==0.5.1
contourpy==1.2.0
cycler==0.12.1
executing==2.0.1
filterpy==1.4.5
fonttools==4.48.1
kiwisolver==1.4.5
matplotlib==3.8.2
msgspec==0.18.4
numpy==1.26.3
packaging==23.2
pillow==10.2.0
pygame==2.5.2
pygments==2.17.2
pyparsing==3.1.1
pyqt5==5.15.10
pyqt5-qt5==5.15.2
pyqt5-sip==12.13.0
python-dateutil==2.8.2
scipy==1.12.0
six==1.16.0
snoop==0.4.3
